
Microsoft Visual Studio Solution File, Format Version 12.00
# Visual Studio Version 16
VisualStudioVersion = 16.0.29613.14
MinimumVisualStudioVersion = 10.0.40219.1
Project("{8BC9CEB8-8B4A-11D0-8D11-00A0C91BC942}") = "Library", "Library\Library.vcxproj", "{E3D90ECC-3DDD-4491-BA14-6932FF9A6EB2}"
EndProject
Project("{8BC9CEB8-8B4A-11D0-8D11-00A0C91BC942}") = "SevaZip", "SevaZip\SevaZip.vcxproj", "{4AAB3C94-E9C6-4F4B-B133-C2D74503BACF}"
EndProject
Global
	GlobalSection(SolutionConfigurationPlatforms) = preSolution
		Debug|x64 = Debug|x64
		Debug|x86 = Debug|x86
		Release|x64 = Release|x64
		Release|x86 = Release|x86
	EndGlobalSection
	GlobalSection(ProjectConfigurationPlatforms) = postSolution
		{E3D90ECC-3DDD-4491-BA14-6932FF9A6EB2}.Debug|x64.ActiveCfg = Debug|x64
		{E3D90ECC-3DDD-4491-BA14-6932FF9A6EB2}.Debug|x64.Build.0 = Debug|x64
		{E3D90ECC-3DDD-4491-BA14-6932FF9A6EB2}.Debug|x86.ActiveCfg = Debug|Win32
		{E3D90ECC-3DDD-4491-BA14-6932FF9A6EB2}.Debug|x86.Build.0 = Debug|Win32
		{E3D90ECC-3DDD-4491-BA14-6932FF9A6EB2}.Release|x64.ActiveCfg = Release|x64
		{E3D90ECC-3DDD-4491-BA14-6932FF9A6EB2}.Release|x64.Build.0 = Release|x64
		{E3D90ECC-3DDD-4491-BA14-6932FF9A6EB2}.Release|x86.ActiveCfg = Release|Win32
		{E3D90ECC-3DDD-4491-BA14-6932FF9A6EB2}.Release|x86.Build.0 = Release|Win32
		{4AAB3C94-E9C6-4F4B-B133-C2D74503BACF}.Debug|x64.ActiveCfg = Debug|x64
		{4AAB3C94-E9C6-4F4B-B133-C2D74503BACF}.Debug|x64.Build.0 = Debug|x64
		{4AAB3C94-E9C6-4F4B-B133-C2D74503BACF}.Debug|x86.ActiveCfg = Debug|Win32
		{4AAB3C94-E9C6-4F4B-B133-C2D74503BACF}.Debug|x86.Build.0 = Debug|Win32
		{4AAB3C94-E9C6-4F4B-B133-C2D74503BACF}.Release|x64.ActiveCfg = Release|x64
		{4AAB3C94-E9C6-4F4B-B133-C2D74503BACF}.Release|x64.Build.0 = Release|x64
		{4AAB3C94-E9C6-4F4B-B133-C2D74503BACF}.Release|x86.ActiveCfg = Release|Win32
		{4AAB3C94-E9C6-4F4B-B133-C2D74503BACF}.Release|x86.Build.0 = Release|Win32
	EndGlobalSection
	GlobalSection(SolutionProperties) = preSolution
		HideSolutionNode = FALSE
	EndGlobalSection
	GlobalSection(ExtensibilityGlobals) = postSolution
		SolutionGuid = {318A6B01-0019-4D61-8123-DDEFF5EE5538}
	EndGlobalSection
EndGlobal
